
Microsoft Visual Studio Solution File, Format Version 12.00
# Visual Studio Version 17
VisualStudioVersion = 17.7.34031.279
MinimumVisualStudioVersion = 10.0.40219.1
Project("{FAE04EC0-301F-11D3-BF4B-00C04F79EFBC}") = "MagnificoPonto", "MagnificoPonto\MagnificoPonto.csproj", "{CE1B17E1-0C90-4CFF-B6A2-C1444E808364}"
EndProject
Global
	GlobalSection(SolutionConfigurationPlatforms) = preSolution
		Debug|Any CPU = Debug|Any CPU
		Release|Any CPU = Release|Any CPU
	EndGlobalSection
	GlobalSection(ProjectConfigurationPlatforms) = postSolution
		{CE1B17E1-0C90-4CFF-B6A2-C1444E808364}.Debug|Any CPU.ActiveCfg = Debug|Any CPU
		{CE1B17E1-0C90-4CFF-B6A2-C1444E808364}.Debug|Any CPU.Build.0 = Debug|Any CPU
		{CE1B17E1-0C90-4CFF-B6A2-C1444E808364}.Release|Any CPU.ActiveCfg = Release|Any CPU
		{CE1B17E1-0C90-4CFF-B6A2-C1444E808364}.Release|Any CPU.Build.0 = Release|Any CPU
	EndGlobalSection
	GlobalSection(SolutionProperties) = preSolution
		HideSolutionNode = FALSE
	EndGlobalSection
	GlobalSection(ExtensibilityGlobals) = postSolution
		SolutionGuid = {D52ABD2F-CB5A-4692-B3E8-9258C183B475}
	EndGlobalSection
EndGlobal
